{
  "lockfile_version": "1",
  "packages": {
    "ffmpeg": {
      "resolved": "github:NixOS/nixpkgs/677fbe97984e7af3175b6c121f3c39ee5c8d62c9?narHash=sha256-g2a4MhRKu4ymR4xwo%2BI%2BauTknXt%2F%2Bj37Lnf0Mvfl1rE%3D#ffmpeg",
      "source": "nixpkg"
    },
    "git": {
      "resolved": "github:NixOS/nixpkgs/677fbe97984e7af3175b6c121f3c39ee5c8d62c9?narHash=sha256-g2a4MhRKu4ymR4xwo%2BI%2BauTknXt%2F%2Bj37Lnf0Mvfl1rE%3D#git",
      "source": "nixpkg"
    },
    "github:NixOS/nixpkgs/nixpkgs-unstable": {
      "last_modified": "2025-12-09T08:49:39Z",
      "resolved": "github:NixOS/nixpkgs/677fbe97984e7af3175b6c121f3c39ee5c8d62c9?lastModified=1765270179&narHash=sha256-g2a4MhRKu4ymR4xwo%2BI%2BauTknXt%2F%2Bj37Lnf0Mvfl1rE%3D"
    },
    "nodejs@22": {
      "last_modified": "2025-05-31T03:30:20Z",
      "plugin_version": "0.0.2",
      "resolved": "github:NixOS/nixpkgs/59138c7667b7970d205d6a05a8bfa2d78caa3643#nodejs_22",
      "source": "devbox-search",
      "version": "22.14.0",
      "systems": {
        "aarch64-darwin": {
          "outputs": [
            {
              "name": "out",
              "path": "/nix/store/g5bv4gi6p7ryhs2hbaryxs6ivsxa6lqc-nodejs-22.14.0",
              "default": true
            },
            {
              "name": "dev",
              "path": "/nix/store/96vpirdcns8zxdwzwl7n804012lwrf1n-nodejs-22.14.0-dev"
            },
            {
              "name": "libv8",
              "path": "/nix/store/xph2837xqjnra80mqlk64xp7vb3kkqxs-nodejs-22.14.0-libv8"
            }
          ],
          "store_path": "/nix/store/g5bv4gi6p7ryhs2hbaryxs6ivsxa6lqc-nodejs-22.14.0"
        },
        "aarch64-linux": {
          "outputs": [
            {
              "name": "out",
              "path": "/nix/store/cwb781xbp70f72njqh8vhvbsf1xq87i5-nodejs-22.14.0",
              "default": true
            },
            {
              "name": "dev",
              "path": "/nix/store/0w5mql46am2qai707a42q983l44l1h9z-nodejs-22.14.0-dev"
            },
            {
              "name": "libv8",
              "path": "/nix/store/vy56lahz381ayvw3hym3wj4r4ggv7gbk-nodejs-22.14.0-libv8"
            }
          ],
          "store_path": "/nix/store/cwb781xbp70f72njqh8vhvbsf1xq87i5-nodejs-22.14.0"
        },
        "x86_64-darwin": {
          "outputs": [
            {
              "name": "out",
              "path": "/nix/store/086zjv14ipka2vbpgwil3xyvi5ml4vh3-nodejs-22.14.0",
              "default": true
            },
            {
              "name": "dev",
              "path": "/nix/store/24n01nfvy908pwzwpgsl0k4227187i7i-nodejs-22.14.0-dev"
            },
            {
              "name": "libv8",
              "path": "/nix/store/jiwk0in1wk85crn9vp03gg937gbh1s0w-nodejs-22.14.0-libv8"
            }
          ],
          "store_path": "/nix/store/086zjv14ipka2vbpgwil3xyvi5ml4vh3-nodejs-22.14.0"
        },
        "x86_64-linux": {
          "outputs": [
            {
              "name": "out",
              "path": "/nix/store/c8jxsih8yy2rnncdmx2hyraizf689nvp-nodejs-22.14.0",
              "default": true
            },
            {
              "name": "libv8",
              "path": "/nix/store/s8gnrgh9hgnbkrc1wrn21d6zvkbvm9vi-nodejs-22.14.0-libv8"
            },
            {
              "name": "dev",
              "path": "/nix/store/xw8c1c0inxq3xl1d7axz19vq8c05kjk5-nodejs-22.14.0-dev"
            }
          ],
          "store_path": "/nix/store/c8jxsih8yy2rnncdmx2hyraizf689nvp-nodejs-22.14.0"
        }
      }
    },
    "python@3.11": {
      "last_modified": "2025-11-23T21:50:36Z",
      "plugin_version": "0.0.4",
      "resolved": "github:NixOS/nixpkgs/ee09932cedcef15aaf476f9343d1dea2cb77e261#python311",
      "source": "devbox-search",
      "version": "3.11.14",
      "systems": {
        "aarch64-darwin": {
          "outputs": [
            {
              "name": "out",
              "path": "/nix/store/ymffyssaavagb5jc1hbx1pkdq21gh16b-python3-3.11.14",
              "default": true
            }
          ],
          "store_path": "/nix/store/ymffyssaavagb5jc1hbx1pkdq21gh16b-python3-3.11.14"
        },
        "aarch64-linux": {
          "outputs": [
            {
              "name": "out",
              "path": "/nix/store/kbyysxq0ry8vqbpkdwld118fi92wvqsf-python3-3.11.14",
              "default": true
            },
            {
              "name": "debug",
              "path": "/nix/store/y8il90w9kvh1anv432rj8vz3nf7316w5-python3-3.11.14-debug"
            }
          ],
          "store_path": "/nix/store/kbyysxq0ry8vqbpkdwld118fi92wvqsf-python3-3.11.14"
        },
        "x86_64-darwin": {
          "outputs": [
            {
              "name": "out",
              "path": "/nix/store/i4bd9nz257aph5lpjr19ggcaqc62qjn0-python3-3.11.14",
              "default": true
            }
          ],
          "store_path": "/nix/store/i4bd9nz257aph5lpjr19ggcaqc62qjn0-python3-3.11.14"
        },
        "x86_64-linux": {
          "outputs": [
            {
              "name": "out",
              "path": "/nix/store/00x3abm7y8j13i6n4sahvbar99irkc7d-python3-3.11.14",
              "default": true
            },
            {
              "name": "debug",
              "path": "/nix/store/2lj58b7mhib83mb0cx8flyahbs9pnd9z-python3-3.11.14-debug"
            }
          ],
          "store_path": "/nix/store/00x3abm7y8j13i6n4sahvbar99irkc7d-python3-3.11.14"
        }
      }
    },
    "ripgrep": {
      "resolved": "github:NixOS/nixpkgs/677fbe97984e7af3175b6c121f3c39ee5c8d62c9?narHash=sha256-g2a4MhRKu4ymR4xwo%2BI%2BauTknXt%2F%2Bj37Lnf0Mvfl1rE%3D#ripgrep",
      "source": "nixpkg"
    }
  }
}
